
Microsoft Visual Studio Solution File, Format Version 12.00
# Visual Studio Version 16
VisualStudioVersion = 16.0.32126.315
MinimumVisualStudioVersion = 10.0.40219.1
Project("{FAE04EC0-301F-11D3-BF4B-00C04F79EFBC}") = "LINQ", "LINQ.csproj", "{055F8B7F-4D13-4DBD-A03A-3AC1F8B31FDB}"
EndProject
Global
	GlobalSection(SolutionConfigurationPlatforms) = preSolution
		Debug|Any CPU = Debug|Any CPU
		Release|Any CPU = Release|Any CPU
	EndGlobalSection
	GlobalSection(ProjectConfigurationPlatforms) = postSolution
		{055F8B7F-4D13-4DBD-A03A-3AC1F8B31FDB}.Debug|Any CPU.ActiveCfg = Debug|Any CPU
		{055F8B7F-4D13-4DBD-A03A-3AC1F8B31FDB}.Debug|Any CPU.Build.0 = Debug|Any CPU
		{055F8B7F-4D13-4DBD-A03A-3AC1F8B31FDB}.Release|Any CPU.ActiveCfg = Release|Any CPU
		{055F8B7F-4D13-4DBD-A03A-3AC1F8B31FDB}.Release|Any CPU.Build.0 = Release|Any CPU
	EndGlobalSection
	GlobalSection(SolutionProperties) = preSolution
		HideSolutionNode = FALSE
	EndGlobalSection
	GlobalSection(ExtensibilityGlobals) = postSolution
		SolutionGuid = {81EB9A22-F8E7-45BB-8524-256641ED8AB2}
	EndGlobalSection
EndGlobal
